
Microsoft Visual Studio Solution File, Format Version 12.00
# Visual Studio Version 17
VisualStudioVersion = 17.2.32519.379
MinimumVisualStudioVersion = 10.0.40219.1
Project("{FAE04EC0-301F-11D3-BF4B-00C04F79EFBC}") = "Mäng", "Mäng.csproj", "{70F26340-3672-4404-8FD4-0DACF6951257}"
EndProject
Global
	GlobalSection(SolutionConfigurationPlatforms) = preSolution
		Debug|Any CPU = Debug|Any CPU
		Release|Any CPU = Release|Any CPU
	EndGlobalSection
	GlobalSection(ProjectConfigurationPlatforms) = postSolution
		{70F26340-3672-4404-8FD4-0DACF6951257}.Debug|Any CPU.ActiveCfg = Debug|Any CPU
		{70F26340-3672-4404-8FD4-0DACF6951257}.Debug|Any CPU.Build.0 = Debug|Any CPU
		{70F26340-3672-4404-8FD4-0DACF6951257}.Release|Any CPU.ActiveCfg = Release|Any CPU
		{70F26340-3672-4404-8FD4-0DACF6951257}.Release|Any CPU.Build.0 = Release|Any CPU
	EndGlobalSection
	GlobalSection(SolutionProperties) = preSolution
		HideSolutionNode = FALSE
	EndGlobalSection
	GlobalSection(ExtensibilityGlobals) = postSolution
		SolutionGuid = {A3E7ADBA-6993-4215-B4D5-57F7C560558B}
	EndGlobalSection
EndGlobal
